
Microsoft Visual Studio Solution File, Format Version 12.00
# Visual Studio Version 17
VisualStudioVersion = 17.10.35004.147
MinimumVisualStudioVersion = 10.0.40219.1
Project("{FAE04EC0-301F-11D3-BF4B-00C04F79EFBC}") = "ChatClient", "ChatApp\ChatClient.csproj", "{8F04AE86-5CA6-433C-B5E0-E90BD9C09ABC}"
EndProject
Project("{FAE04EC0-301F-11D3-BF4B-00C04F79EFBC}") = "ChatServer", "ChatServer\ChatServer.csproj", "{D5D722DC-25E6-462F-92CD-FE265CEAA4C2}"
EndProject
Global
	GlobalSection(SolutionConfigurationPlatforms) = preSolution
		Debug|Any CPU = Debug|Any CPU
		Release|Any CPU = Release|Any CPU
	EndGlobalSection
	GlobalSection(ProjectConfigurationPlatforms) = postSolution
		{8F04AE86-5CA6-433C-B5E0-E90BD9C09ABC}.Debug|Any CPU.ActiveCfg = Debug|Any CPU
		{8F04AE86-5CA6-433C-B5E0-E90BD9C09ABC}.Debug|Any CPU.Build.0 = Debug|Any CPU
		{8F04AE86-5CA6-433C-B5E0-E90BD9C09ABC}.Release|Any CPU.ActiveCfg = Release|Any CPU
		{8F04AE86-5CA6-433C-B5E0-E90BD9C09ABC}.Release|Any CPU.Build.0 = Release|Any CPU
		{D5D722DC-25E6-462F-92CD-FE265CEAA4C2}.Debug|Any CPU.ActiveCfg = Debug|Any CPU
		{D5D722DC-25E6-462F-92CD-FE265CEAA4C2}.Debug|Any CPU.Build.0 = Debug|Any CPU
		{D5D722DC-25E6-462F-92CD-FE265CEAA4C2}.Release|Any CPU.ActiveCfg = Release|Any CPU
		{D5D722DC-25E6-462F-92CD-FE265CEAA4C2}.Release|Any CPU.Build.0 = Release|Any CPU
	EndGlobalSection
	GlobalSection(SolutionProperties) = preSolution
		HideSolutionNode = FALSE
	EndGlobalSection
	GlobalSection(ExtensibilityGlobals) = postSolution
		SolutionGuid = {CF4FA752-1B74-4C45-814B-CC76D3475C8D}
	EndGlobalSection
EndGlobal
